// !$*UTF8*$!
{
	archiveVersion = 1;
	classes = {
	};
	objectVersion = 46;
	objects = {

/* Begin PBXBuildFile section */
		A50C646C1BC32F28008FB51F /* AppDelegate.swift in Sources */ = {isa = PBXBuildFile; fileRef = A50C646B1BC32F28008FB51F /* AppDelegate.swift */; };
		A50C646E1BC32F28008FB51F /* ViewController.swift in Sources */ = {isa = PBXBuildFile; fileRef = A50C646D1BC32F28008FB51F /* ViewController.swift */; };
		A50C64711BC32F28008FB51F /* Main.storyboard in Resources */ = {isa = PBXBuildFile; fileRef = A50C646F1BC32F28008FB51F /* Main.storyboard */; };
		A50C64731BC32F28008FB51F /* Images.xcassets in Resources */ = {isa = PBXBuildFile; fileRef = A50C64721BC32F28008FB51F /* Images.xcassets */; };
		A50C64761BC32F28008FB51F /* LaunchScreen.xib in Resources */ = {isa = PBXBuildFile; fileRef = A50C64741BC32F28008FB51F /* LaunchScreen.xib */; };
		A50C64821BC32F29008FB51F /* TapAndRollTests.swift in Sources */ = {isa = PBXBuildFile; fileRef = A50C64811BC32F29008FB51F /* TapAndRollTests.swift */; };
/* End PBXBuildFile section */

/* Begin PBXContainerItemProxy section */
		A50C647C1BC32F29008FB51F /* PBXContainerItemProxy */ = {
			isa = PBXContainerItemProxy;
			containerPortal = A50C645E1BC32F28008FB51F /* Project object */;
			proxyType = 1;
			remoteGlobalIDString = A50C64651BC32F28008FB51F;
			remoteInfo = TapAndRoll;
		};
/* End PBXContainerItemProxy section */

/* Begin PBXFileReference section */
		A50C64661BC32F28008FB51F /* TapAndRoll.app */ = {isa = PBXFileReference; explicitFileType = wrapper.application; includeInIndex = 0; path = TapAndRoll.app; sourceTree = BUILT_PRODUCTS_DIR; };
		A50C646A1BC32F28008FB51F /* Info.plist */ = {isa = PBXFileReference; lastKnownFileType = text.plist.xml; path = Info.plist; sourceTree = "<group>"; };
		A50C646B1BC32F28008FB51F /* AppDelegate.swift */ = {isa = PBXFileReference; lastKnownFileType = sourcecode.swift; path = AppDelegate.swift; sourceTree = "<group>"; };
		A50C646D1BC32F28008FB51F /* ViewController.swift */ = {isa = PBXFileReference; lastKnownFileType = sourcecode.swift; path = ViewController.swift; sourceTree = "<group>"; };
		A50C64701BC32F28008FB51F /* Base */ = {isa = PBXFileReference; lastKnownFileType = file.storyboard; name = Base; path = Base.lproj/Main.storyboard; sourceTree = "<group>"; };
		A50C64721BC32F28008FB51F /* Images.xcassets */ = {isa = PBXFileReference; lastKnownFileType = folder.assetcatalog; path = Images.xcassets; sourceTree = "<group>"; };
		A50C64751BC32F28008FB51F /* Base */ = {isa = PBXFileReference; lastKnownFileType = file.xib; name = Base; path = Base.lproj/LaunchScreen.xib; sourceTree = "<group>"; };
		A50C647B1BC32F29008FB51F /* TapAndRollTests.xctest */ = {isa = PBXFileReference; explicitFileType = wrapper.cfbundle; includeInIndex = 0; path = TapAndRollTests.xctest; sourceTree = BUILT_PRODUCTS_DIR; };
		A50C64801BC32F29008FB51F /* Info.plist */ = {isa = PBXFileReference; lastKnownFileType = text.plist.xml; path = Info.plist; sourceTree = "<group>"; };
		A50C64811BC32F29008FB51F /* TapAndRollTests.swift */ = {isa = PBXFileReference; lastKnownFileType = sourcecode.swift; path = TapAndRollTests.swift; sourceTree = "<group>"; };
/* End PBXFileReference section */

/* Begin PBXFrameworksBuildPhase section */
		A50C64631BC32F28008FB51F /* Frameworks */ = {
			isa = PBXFrameworksBuildPhase;
			buildActionMask = 2147483647;
			files = (
			);
			runOnlyForDeploymentPostprocessing = 0;
		};
		A50C64781BC32F29008FB51F /* Frameworks */ = {
			isa = PBXFrameworksBuildPhase;
			buildActionMask = 2147483647;
			files = (
			);
			runOnlyForDeploymentPostprocessing = 0;
		};
/* End PBXFrameworksBuildPhase section */

/* Begin PBXGroup section */
		A50C645D1BC32F28008FB51F = {
			isa = PBXGroup;
			children = (
				A50C64681BC32F28008FB51F /* TapAndRoll */,
				A50C647E1BC32F29008FB51F /* TapAndRollTests */,
				A50C64671BC32F28008FB51F /* Products */,
			);
			sourceTree = "<group>";
		};
		A50C64671BC32F28008FB51F /* Products */ = {
			isa = PBXGroup;
			children = (
				A50C64661BC32F28008FB51F /* TapAndRoll.app */,
				A50C647B1BC32F29008FB51F /* TapAndRollTests.xctest */,
			);
			name = Products;
			sourceTree = "<group>";
		};
		A50C64681BC32F28008FB51F /* TapAndRoll */ = {
			isa = PBXGroup;
			children = (
				A50C646B1BC32F28008FB51F /* AppDelegate.swift */,
				A50C646D1BC32F28008FB51F /* ViewController.swift */,
				A50C646F1BC32F28008FB51F /* Main.storyboard */,
				A50C64721BC32F28008FB51F /* Images.xcassets */,
				A50C64741BC32F28008FB51F /* LaunchScreen.xib */,
				A50C64691BC32F28008FB51F /* Supporting Files */,
			);
			path = TapAndRoll;
			sourceTree = "<group>";
		};
		A50C64691BC32F28008FB51F /* Supporting Files */ = {
			isa = PBXGroup;
			children = (
				A50C646A1BC32F28008FB51F /* Info.plist */,
			);
			name = "Supporting Files";
			sourceTree = "<group>";
		};
		A50C647E1BC32F29008FB51F /* TapAndRollTests */ = {
			isa = PBXGroup;
			children = (
				A50C64811BC32F29008FB51F /* TapAndRollTests.swift */,
				A50C647F1BC32F29008FB51F /* Supporting Files */,
			);
			path = TapAndRollTests;
			sourceTree = "<group>";
		};
		A50C647F1BC32F29008FB51F /* Supporting Files */ = {
			isa = PBXGroup;
			children = (
				A50C64801BC32F29008FB51F /* Info.plist */,
			);
			name = "Supporting Files";
			sourceTree = "<group>";
		};
/* End PBXGroup section */

/* Begin PBXNativeTarget section */
		A50C64651BC32F28008FB51F /* TapAndRoll */ = {
			isa = PBXNativeTarget;
			buildConfigurationList = A50C64851BC32F29008FB51F /* Build configuration list for PBXNativeTarget "TapAndRoll" */;
			buildPhases = (
				A50C64621BC32F28008FB51F /* Sources */,
				A50C64631BC32F28008FB51F /* Frameworks */,
				A50C64641BC32F28008FB51F /* Resources */,
			);
			buildRules = (
			);
			dependencies = (
			);
			name = TapAndRoll;
			productName = TapAndRoll;
			productReference = A50C64661BC32F28008FB51F /* TapAndRoll.app */;
			productType = "com.apple.product-type.application";
		};
		A50C647A1BC32F29008FB51F /* TapAndRollTests */ = {
			isa = PBXNativeTarget;
			buildConfigurationList = A50C64881BC32F29008FB51F /* Build configuration list for PBXNativeTarget "TapAndRollTests" */;
			buildPhases = (
				A50C64771BC32F29008FB51F /* Sources */,
				A50C64781BC32F29008FB51F /* Frameworks */,
				A50C64791BC32F29008FB51F /* Resources */,
			);
			buildRules = (
			);
			dependencies = (
				A50C647D1BC32F29008FB51F /* PBXTargetDependency */,
			);
			name = TapAndRollTests;
			productName = TapAndRollTests;
			productReference = A50C647B1BC32F29008FB51F /* TapAndRollTests.xctest */;
			productType = "com.apple.product-type.bundle.unit-test";
		};
/* End PBXNativeTarget section */

/* Begin PBXProject section */
		A50C645E1BC32F28008FB51F /* Project object */ = {
			isa = PBXProject;
			attributes = {
				LastUpgradeCheck = 0640;
				ORGANIZATIONNAME = qpiapps;
				TargetAttributes = {
					A50C64651BC32F28008FB51F = {
						CreatedOnToolsVersion = 6.4;
					};
					A50C647A1BC32F29008FB51F = {
						CreatedOnToolsVersion = 6.4;
						TestTargetID = A50C64651BC32F28008FB51F;
					};
				};
			};
			buildConfigurationList = A50C64611BC32F28008FB51F /* Build configuration list for PBXProject "TapAndRoll" */;
			compatibilityVersion = "Xcode 3.2";
			developmentRegion = English;
			hasScannedForEncodings = 0;
			knownRegions = (
				en,
				Base,
			);
			mainGroup = A50C645D1BC32F28008FB51F;
			productRefGroup = A50C64671BC32F28008FB51F /* Products */;
			projectDirPath = "";
			projectRoot = "";
			targets = (
				A50C64651BC32F28008FB51F /* TapAndRoll */,
				A50C647A1BC32F29008FB51F /* TapAndRollTests */,
			);
		};
/* End PBXProject section */

/* Begin PBXResourcesBuildPhase section */
		A50C64641BC32F28008FB51F /* Resources */ = {
			isa = PBXResourcesBuildPhase;
			buildActionMask = 2147483647;
			files = (
				A50C64711BC32F28008FB51F /* Main.storyboard in Resources */,
				A50C64761BC32F28008FB51F /* LaunchScreen.xib in Resources */,
				A50C64731BC32F28008FB51F /* Images.xcassets in Resources */,
			);
			runOnlyForDeploymentPostprocessing = 0;
		};
		A50C64791BC32F29008FB51F /* Resources */ = {
			isa = PBXResourcesBuildPhase;
			buildActionMask = 2147483647;
			files = (
			);
			runOnlyForDeploymentPostprocessing = 0;
		};
/* End PBXResourcesBuildPhase section */

/* Begin PBXSourcesBuildPhase section */
		A50C64621BC32F28008FB51F /* Sources */ = {
			isa = PBXSourcesBuildPhase;
			buildActionMask = 2147483647;
			files = (
				A50C646E1BC32F28008FB51F /* ViewController.swift in Sources */,
				A50C646C1BC32F28008FB51F /* AppDelegate.swift in Sources */,
			);
			runOnlyForDeploymentPostprocessing = 0;
		};
		A50C64771BC32F29008FB51F /* Sources */ = {
			isa = PBXSourcesBuildPhase;
			buildActionMask = 2147483647;
			files = (
				A50C64821BC32F29008FB51F /* TapAndRollTests.swift in Sources */,
			);
			runOnlyForDeploymentPostprocessing = 0;
		};
/* End PBXSourcesBuildPhase section */

/* Begin PBXTargetDependency section */
		A50C647D1BC32F29008FB51F /* PBXTargetDependency */ = {
			isa = PBXTargetDependency;
			target = A50C64651BC32F28008FB51F /* TapAndRoll */;
			targetProxy = A50C647C1BC32F29008FB51F /* PBXContainerItemProxy */;
		};
/* End PBXTargetDependency section */

/* Begin PBXVariantGroup section */
		A50C646F1BC32F28008FB51F /* Main.storyboard */ = {
			isa = PBXVariantGroup;
			children = (
				A50C64701BC32F28008FB51F /* Base */,
			);
			name = Main.storyboard;
			sourceTree = "<group>";
		};
		A50C64741BC32F28008FB51F /* LaunchScreen.xib */ = {
			isa = PBXVariantGroup;
			children = (
				A50C64751BC32F28008FB51F /* Base */,
			);
			name = LaunchScreen.xib;
			sourceTree = "<group>";
		};
/* End PBXVariantGroup section */

/* Begin XCBuildConfiguration section */
		A50C64831BC32F29008FB51F /* Debug */ = {
			isa = XCBuildConfiguration;
			buildSettings = {
				ALWAYS_SEARCH_USER_PATHS = NO;
				CLANG_CXX_LANGUAGE_STANDARD = "gnu++0x";
				CLANG_CXX_LIBRARY = "libc++";
				CLANG_ENABLE_MODULES = YES;
				CLANG_ENABLE_OBJC_ARC = YES;
				CLANG_WARN_BOOL_CONVERSION = YES;
				CLANG_WARN_CONSTANT_CONVERSION = YES;
				CLANG_WARN_DIRECT_OBJC_ISA_USAGE = YES_ERROR;
				CLANG_WARN_EMPTY_BODY = YES;
				CLANG_WARN_ENUM_CONVERSION = YES;
				CLANG_WARN_INT_CONVERSION = YES;
				CLANG_WARN_OBJC_ROOT_CLASS = YES_ERROR;
				CLANG_WARN_UNREACHABLE_CODE = YES;
				CLANG_WARN__DUPLICATE_METHOD_MATCH = YES;
				"CODE_SIGN_IDENTITY[sdk=iphoneos*]" = "iPhone Developer";
				COPY_PHASE_STRIP = NO;
				DEBUG_INFORMATION_FORMAT = "dwarf-with-dsym";
				ENABLE_STRICT_OBJC_MSGSEND = YES;
				GCC_C_LANGUAGE_STANDARD = gnu99;
				GCC_DYNAMIC_NO_PIC = NO;
				GCC_NO_COMMON_BLOCKS = YES;
				GCC_OPTIMIZATION_LEVEL = 0;
				GCC_PREPROCESSOR_DEFINITIONS = (
					"DEBUG=1",
					"$(inherited)",
				);
				GCC_SYMBOLS_PRIVATE_EXTERN = NO;
				GCC_WARN_64_TO_32_BIT_CONVERSION = YES;
				GCC_WARN_ABOUT_RETURN_TYPE = YES_ERROR;
				GCC_WARN_UNDECLARED_SELECTOR = YES;
				GCC_WARN_UNINITIALIZED_AUTOS = YES_AGGRESSIVE;
				GCC_WARN_UNUSED_FUNCTION = YES;
				GCC_WARN_UNUSED_VARIABLE = YES;
				IPHONEOS_DEPLOYMENT_TARGET = 8.4;
				MTL_ENABLE_DEBUG_INFO = YES;
				ONLY_ACTIVE_ARCH = YES;
				SDKROOT = iphoneos;
				SWIFT_OPTIMIZATION_LEVEL = "-Onone";
			};
			name = Debug;
		};
		A50C64841BC32F29008FB51F /* Release */ = {
			isa = XCBuildConfiguration;
			buildSettings = {
				ALWAYS_SEARCH_USER_PATHS = NO;
				CLANG_CXX_LANGUAGE_STANDARD = "gnu++0x";
				CLANG_CXX_LIBRARY = "libc++";
				CLANG_ENABLE_MODULES = YES;
				CLANG_ENABLE_OBJC_ARC = YES;
				CLANG_WARN_BOOL_CONVERSION = YES;
				CLANG_WARN_CONSTANT_CONVERSION = YES;
				CLANG_WARN_DIRECT_OBJC_ISA_USAGE = YES_ERROR;
				CLANG_WARN_EMPTY_BODY = YES;
				CLANG_WARN_ENUM_CONVERSION = YES;
				CLANG_WARN_INT_CONVERSION = YES;
				CLANG_WARN_OBJC_ROOT_CLASS = YES_ERROR;
				CLANG_WARN_UNREACHABLE_CODE = YES;
				CLANG_WARN__DUPLICATE_METHOD_MATCH = YES;
				"CODE_SIGN_IDENTITY[sdk=iphoneos*]" = "iPhone Developer";
				COPY_PHASE_STRIP = NO;
				DEBUG_INFORMATION_FORMAT = "dwarf-with-dsym";
				ENABLE_NS_ASSERTIONS = NO;
				ENABLE_STRICT_OBJC_MSGSEND = YES;
				GCC_C_LANGUAGE_STANDARD = gnu99;
				GCC_NO_COMMON_BLOCKS = YES;
				GCC_WARN_64_TO_32_BIT_CONVERSION = YES;
				GCC_WARN_ABOUT_RETURN_TYPE = YES_ERROR;
				GCC_WARN_UNDECLARED_SELECTOR = YES;
				GCC_WARN_UNINITIALIZED_AUTOS = YES_AGGRESSIVE;
				GCC_WARN_UNUSED_FUNCTION = YES;
				GCC_WARN_UNUSED_VARIABLE = YES;
				IPHONEOS_DEPLOYMENT_TARGET = 8.4;
				MTL_ENABLE_DEBUG_INFO = NO;
				SDKROOT = iphoneos;
				VALIDATE_PRODUCT = YES;
			};
			name = Release;
		};
		A50C64861BC32F29008FB51F /* Debug */ = {
			isa = XCBuildConfiguration;
			buildSettings = {
				ASSETCATALOG_COMPILER_APPICON_NAME = AppIcon;
				INFOPLIST_FILE = TapAndRoll/Info.plist;
				LD_RUNPATH_SEARCH_PATHS = "$(inherited) @executable_path/Frameworks";
				PRODUCT_NAME = "$(TARGET_NAME)";
			};
			name = Debug;
		};
		A50C64871BC32F29008FB51F /* Release */ = {
			isa = XCBuildConfiguration;
			buildSettings = {
				ASSETCATALOG_COMPILER_APPICON_NAME = AppIcon;
				INFOPLIST_FILE = TapAndRoll/Info.plist;
				LD_RUNPATH_SEARCH_PATHS = "$(inherited) @executable_path/Frameworks";
				PRODUCT_NAME = "$(TARGET_NAME)";
			};
			name = Release;
		};
		A50C64891BC32F29008FB51F /* Debug */ = {
			isa = XCBuildConfiguration;
			buildSettings = {
				BUNDLE_LOADER = "$(TEST_HOST)";
				FRAMEWORK_SEARCH_PATHS = (
					"$(SDKROOT)/Developer/Library/Frameworks",
					"$(inherited)",
				);
				GCC_PREPROCESSOR_DEFINITIONS = (
					"DEBUG=1",
					"$(inherited)",
				);
				INFOPLIST_FILE = TapAndRollTests/Info.plist;
				LD_RUNPATH_SEARCH_PATHS = "$(inherited) @executable_path/Frameworks @loader_path/Frameworks";
				PRODUCT_NAME = "$(TARGET_NAME)";
				TEST_HOST = "$(BUILT_PRODUCTS_DIR)/TapAndRoll.app/TapAndRoll";
			};
			name = Debug;
		};
		A50C648A1BC32F29008FB51F /* Release */ = {
			isa = XCBuildConfiguration;
			buildSettings = {
				BUNDLE_LOADER = "$(TEST_HOST)";
				FRAMEWORK_SEARCH_PATHS = (
					"$(SDKROOT)/Developer/Library/Frameworks",
					"$(inherited)",
				);
				INFOPLIST_FILE = TapAndRollTests/Info.plist;
				LD_RUNPATH_SEARCH_PATHS = "$(inherited) @executable_path/Frameworks @loader_path/Frameworks";
				PRODUCT_NAME = "$(TARGET_NAME)";
				TEST_HOST = "$(BUILT_PRODUCTS_DIR)/TapAndRoll.app/TapAndRoll";
			};
			name = Release;
		};
/* End XCBuildConfiguration section */

/* Begin XCConfigurationList section */
		A50C64611BC32F28008FB51F /* Build configuration list for PBXProject "TapAndRoll" */ = {
			isa = XCConfigurationList;
			buildConfigurations = (
				A50C64831BC32F29008FB51F /* Debug */,
				A50C64841BC32F29008FB51F /* Release */,
			);
			defaultConfigurationIsVisible = 0;
			defaultConfigurationName = Release;
		};
		A50C64851BC32F29008FB51F /* Build configuration list for PBXNativeTarget "TapAndRoll" */ = {
			isa = XCConfigurationList;
			buildConfigurations = (
				A50C64861BC32F29008FB51F /* Debug */,
				A50C64871BC32F29008FB51F /* Release */,
			);
			defaultConfigurationIsVisible = 0;
		};
		A50C64881BC32F29008FB51F /* Build configuration list for PBXNativeTarget "TapAndRollTests" */ = {
			isa = XCConfigurationList;
			buildConfigurations = (
				A50C64891BC32F29008FB51F /* Debug */,
				A50C648A1BC32F29008FB51F /* Release */,
			);
			defaultConfigurationIsVisible = 0;
		};
/* End XCConfigurationList section */
	};
	rootObject = A50C645E1BC32F28008FB51F /* Project object */;
}
