// !$*UTF8*$!
{
	archiveVersion = 1;
	classes = {
	};
	objectVersion = 46;
	objects = {

/* Begin PBXBuildFile section */
		A50C646C1BC32F28008FB51F /* AppDelegate.swift in Sources */ = {isa = PBXBuildFile; fileRef = A50C646B1BC32F28008FB51F /* AppDelegate.swift */; };
		A50C646E1BC32F28008FB51F /* ViewController.swift in Sources */ = {isa = PBXBuildFile; fileRef = A50C646D1BC32F28008FB51F /* ViewController.swift */; };
		A50C64711BC32F28008FB51F /* Main.storyboard in Resources */ = {isa = PBXBuildFile; fileRef = A50C646F1BC32F28008FB51F /* Main.storyboard */; };
		A50C64731BC32F28008FB51F /* Images.xcassets in Resources */ = {isa = PBXBuildFile; fileRef = A50C64721BC32F28008FB51F /* Images.xcassets */; };
		A50C64761BC32F28008FB51F /* LaunchScreen.xib in Resources */ = {isa = PBXBuildFile; fileRef = A50C64741BC32F28008FB51F /* LaunchScreen.xib */; };
		A50C64821BC32F29008FB51F /* TapAndRollTests.swift in Sources */ = {isa = PBXBuildFile; fileRef = A50C64811BC32F29008FB51F /* TapAndRollTests.swift */; };
		A57772A21BC369F2003C1D05 /* InterfaceController.swift in Sources */ = {isa = PBXBuildFile; fileRef = A57772A11BC369F2003C1D05 /* InterfaceController.swift */; };
		A57772A41BC369F2003C1D05 /* NotificationController.swift in Sources */ = {isa = PBXBuildFile; fileRef = A57772A31BC369F2003C1D05 /* NotificationController.swift */; };
		A57772A61BC369F2003C1D05 /* Images.xcassets in Resources */ = {isa = PBXBuildFile; fileRef = A57772A51BC369F2003C1D05 /* Images.xcassets */; };
		A57772AA1BC369F2003C1D05 /* TapAndRoll WatchKit App.app in Resources */ = {isa = PBXBuildFile; fileRef = A57772A91BC369F2003C1D05 /* TapAndRoll WatchKit App.app */; };
		A57772B21BC369F2003C1D05 /* Interface.storyboard in Resources */ = {isa = PBXBuildFile; fileRef = A57772B01BC369F2003C1D05 /* Interface.storyboard */; };
		A57772B41BC369F2003C1D05 /* Images.xcassets in Resources */ = {isa = PBXBuildFile; fileRef = A57772B31BC369F2003C1D05 /* Images.xcassets */; };
		A57772B71BC369F2003C1D05 /* TapAndRoll WatchKit Extension.appex in Embed App Extensions */ = {isa = PBXBuildFile; fileRef = A577729C1BC369F2003C1D05 /* TapAndRoll WatchKit Extension.appex */; settings = {ATTRIBUTES = (RemoveHeadersOnCopy, ); }; };
		A5BC43EA1BE2AB6F008EBEA4 /* backgroundv7.png in Resources */ = {isa = PBXBuildFile; fileRef = A5BC43E91BE2AB6F008EBEA4 /* backgroundv7.png */; };
		A5BC43EF1BE2C599008EBEA4 /* dicecup.caf in Resources */ = {isa = PBXBuildFile; fileRef = A5BC43EE1BE2C331008EBEA4 /* dicecup.caf */; };
		A5BC43F01BE2C59C008EBEA4 /* manyDice.caf in Resources */ = {isa = PBXBuildFile; fileRef = A5BC43ED1BE2C328008EBEA4 /* manyDice.caf */; };
		A5BC43F21BE2DD4E008EBEA4 /* dicecup2.caf in Resources */ = {isa = PBXBuildFile; fileRef = A5BC43F11BE2DD4E008EBEA4 /* dicecup2.caf */; };
		A5BC43F41BE2FB15008EBEA4 /* Die.swift in Sources */ = {isa = PBXBuildFile; fileRef = A5BC43F31BE2FB15008EBEA4 /* Die.swift */; };
		A5BC43F51BE36B98008EBEA4 /* DrawDice.swift in Sources */ = {isa = PBXBuildFile; fileRef = A5EFEECE1BDFF9B900F51885 /* DrawDice.swift */; };
		A5EFEE4F1BD9513C00F51885 /* OptionsViewController.swift in Sources */ = {isa = PBXBuildFile; fileRef = A5EFEE4E1BD9513C00F51885 /* OptionsViewController.swift */; };
		A5EFEE511BD957A600F51885 /* ImageFile.swift in Sources */ = {isa = PBXBuildFile; fileRef = A5EFEE501BD957A600F51885 /* ImageFile.swift */; };
		A5EFEE531BD983B200F51885 /* colorPalette.plist in Resources */ = {isa = PBXBuildFile; fileRef = A5EFEE521BD983B200F51885 /* colorPalette.plist */; };
		A5EFEE551BD983CC00F51885 /* ColorPickerViewController.swift in Sources */ = {isa = PBXBuildFile; fileRef = A5EFEE541BD983CC00F51885 /* ColorPickerViewController.swift */; };
		A5EFEE571BD9D5E700F51885 /* YLColor.swift in Sources */ = {isa = PBXBuildFile; fileRef = A5EFEE561BD9D5E700F51885 /* YLColor.swift */; };
		A5EFEE5A1BDB544300F51885 /* DieSets.xcdatamodeld in Sources */ = {isa = PBXBuildFile; fileRef = A5EFEE581BDB544300F51885 /* DieSets.xcdatamodeld */; };
		A5EFEE5C1BDC20BC00F51885 /* DicePersistence.swift in Sources */ = {isa = PBXBuildFile; fileRef = A5EFEE5B1BDC20BC00F51885 /* DicePersistence.swift */; };
		A5EFEEC31BDD62A300F51885 /* diceroll.caf in Resources */ = {isa = PBXBuildFile; fileRef = A5EFEEC21BDD54FF00F51885 /* diceroll.caf */; };
		A5EFEEC71BDD8DF900F51885 /* DieViewCell.swift in Sources */ = {isa = PBXBuildFile; fileRef = A5EFEEC61BDD8DF900F51885 /* DieViewCell.swift */; };
		A5EFEEC91BDEC75900F51885 /* RollableDie.swift in Sources */ = {isa = PBXBuildFile; fileRef = A5EFEEC81BDEC75900F51885 /* RollableDie.swift */; };
		A5EFEECF1BDFF9B900F51885 /* DrawDice.swift in Sources */ = {isa = PBXBuildFile; fileRef = A5EFEECE1BDFF9B900F51885 /* DrawDice.swift */; };
		A5EFEED31BE178F100F51885 /* DieButton.swift in Sources */ = {isa = PBXBuildFile; fileRef = A5EFEED21BE178F100F51885 /* DieButton.swift */; };
/* End PBXBuildFile section */

/* Begin PBXContainerItemProxy section */
		A50C647C1BC32F29008FB51F /* PBXContainerItemProxy */ = {
			isa = PBXContainerItemProxy;
			containerPortal = A50C645E1BC32F28008FB51F /* Project object */;
			proxyType = 1;
			remoteGlobalIDString = A50C64651BC32F28008FB51F;
			remoteInfo = TapAndRoll;
		};
		A57772AB1BC369F2003C1D05 /* PBXContainerItemProxy */ = {
			isa = PBXContainerItemProxy;
			containerPortal = A50C645E1BC32F28008FB51F /* Project object */;
			proxyType = 1;
			remoteGlobalIDString = A57772A81BC369F2003C1D05;
			remoteInfo = "TapAndRoll WatchKit App";
		};
		A57772B51BC369F2003C1D05 /* PBXContainerItemProxy */ = {
			isa = PBXContainerItemProxy;
			containerPortal = A50C645E1BC32F28008FB51F /* Project object */;
			proxyType = 1;
			remoteGlobalIDString = A577729B1BC369F2003C1D05;
			remoteInfo = "TapAndRoll WatchKit Extension";
		};
/* End PBXContainerItemProxy section */

/* Begin PBXCopyFilesBuildPhase section */
		A57772BE1BC369F2003C1D05 /* Embed App Extensions */ = {
			isa = PBXCopyFilesBuildPhase;
			buildActionMask = 2147483647;
			dstPath = "";
			dstSubfolderSpec = 13;
			files = (
				A57772B71BC369F2003C1D05 /* TapAndRoll WatchKit Extension.appex in Embed App Extensions */,
			);
			name = "Embed App Extensions";
			runOnlyForDeploymentPostprocessing = 0;
		};
/* End PBXCopyFilesBuildPhase section */

/* Begin PBXFileReference section */
		A50C64661BC32F28008FB51F /* TapAndRoll.app */ = {isa = PBXFileReference; explicitFileType = wrapper.application; includeInIndex = 0; path = TapAndRoll.app; sourceTree = BUILT_PRODUCTS_DIR; };
		A50C646A1BC32F28008FB51F /* Info.plist */ = {isa = PBXFileReference; lastKnownFileType = text.plist.xml; path = Info.plist; sourceTree = "<group>"; };
		A50C646B1BC32F28008FB51F /* AppDelegate.swift */ = {isa = PBXFileReference; lastKnownFileType = sourcecode.swift; path = AppDelegate.swift; sourceTree = "<group>"; };
		A50C646D1BC32F28008FB51F /* ViewController.swift */ = {isa = PBXFileReference; lastKnownFileType = sourcecode.swift; path = ViewController.swift; sourceTree = "<group>"; };
		A50C64701BC32F28008FB51F /* Base */ = {isa = PBXFileReference; lastKnownFileType = file.storyboard; name = Base; path = Base.lproj/Main.storyboard; sourceTree = "<group>"; };
		A50C64721BC32F28008FB51F /* Images.xcassets */ = {isa = PBXFileReference; lastKnownFileType = folder.assetcatalog; path = Images.xcassets; sourceTree = "<group>"; };
		A50C64751BC32F28008FB51F /* Base */ = {isa = PBXFileReference; lastKnownFileType = file.xib; name = Base; path = Base.lproj/LaunchScreen.xib; sourceTree = "<group>"; };
		A50C647B1BC32F29008FB51F /* TapAndRollTests.xctest */ = {isa = PBXFileReference; explicitFileType = wrapper.cfbundle; includeInIndex = 0; path = TapAndRollTests.xctest; sourceTree = BUILT_PRODUCTS_DIR; };
		A50C64801BC32F29008FB51F /* Info.plist */ = {isa = PBXFileReference; lastKnownFileType = text.plist.xml; path = Info.plist; sourceTree = "<group>"; };
		A50C64811BC32F29008FB51F /* TapAndRollTests.swift */ = {isa = PBXFileReference; lastKnownFileType = sourcecode.swift; path = TapAndRollTests.swift; sourceTree = "<group>"; };
		A577729C1BC369F2003C1D05 /* TapAndRoll WatchKit Extension.appex */ = {isa = PBXFileReference; explicitFileType = "wrapper.app-extension"; includeInIndex = 0; path = "TapAndRoll WatchKit Extension.appex"; sourceTree = BUILT_PRODUCTS_DIR; };
		A577729F1BC369F2003C1D05 /* Info.plist */ = {isa = PBXFileReference; lastKnownFileType = text.plist.xml; path = Info.plist; sourceTree = "<group>"; };
		A57772A01BC369F2003C1D05 /* PushNotificationPayload.apns */ = {isa = PBXFileReference; lastKnownFileType = text; path = PushNotificationPayload.apns; sourceTree = "<group>"; };
		A57772A11BC369F2003C1D05 /* InterfaceController.swift */ = {isa = PBXFileReference; lastKnownFileType = sourcecode.swift; path = InterfaceController.swift; sourceTree = "<group>"; };
		A57772A31BC369F2003C1D05 /* NotificationController.swift */ = {isa = PBXFileReference; lastKnownFileType = sourcecode.swift; path = NotificationController.swift; sourceTree = "<group>"; };
		A57772A51BC369F2003C1D05 /* Images.xcassets */ = {isa = PBXFileReference; lastKnownFileType = folder.assetcatalog; path = Images.xcassets; sourceTree = "<group>"; };
		A57772A91BC369F2003C1D05 /* TapAndRoll WatchKit App.app */ = {isa = PBXFileReference; explicitFileType = wrapper.application; includeInIndex = 0; path = "TapAndRoll WatchKit App.app"; sourceTree = BUILT_PRODUCTS_DIR; };
		A57772AF1BC369F2003C1D05 /* Info.plist */ = {isa = PBXFileReference; lastKnownFileType = text.plist.xml; path = Info.plist; sourceTree = "<group>"; };
		A57772B11BC369F2003C1D05 /* Base */ = {isa = PBXFileReference; lastKnownFileType = file.storyboard; name = Base; path = Base.lproj/Interface.storyboard; sourceTree = "<group>"; };
		A57772B31BC369F2003C1D05 /* Images.xcassets */ = {isa = PBXFileReference; lastKnownFileType = folder.assetcatalog; path = Images.xcassets; sourceTree = "<group>"; };
		A5BC43E91BE2AB6F008EBEA4 /* backgroundv7.png */ = {isa = PBXFileReference; lastKnownFileType = image.png; path = backgroundv7.png; sourceTree = "<group>"; };
		A5BC43ED1BE2C328008EBEA4 /* manyDice.caf */ = {isa = PBXFileReference; lastKnownFileType = file; path = manyDice.caf; sourceTree = "<group>"; };
		A5BC43EE1BE2C331008EBEA4 /* dicecup.caf */ = {isa = PBXFileReference; lastKnownFileType = file; path = dicecup.caf; sourceTree = "<group>"; };
		A5BC43F11BE2DD4E008EBEA4 /* dicecup2.caf */ = {isa = PBXFileReference; lastKnownFileType = file; path = dicecup2.caf; sourceTree = "<group>"; };
		A5BC43F31BE2FB15008EBEA4 /* Die.swift */ = {isa = PBXFileReference; fileEncoding = 4; lastKnownFileType = sourcecode.swift; path = Die.swift; sourceTree = "<group>"; };
		A5EFEE4E1BD9513C00F51885 /* OptionsViewController.swift */ = {isa = PBXFileReference; fileEncoding = 4; lastKnownFileType = sourcecode.swift; path = OptionsViewController.swift; sourceTree = "<group>"; };
		A5EFEE501BD957A600F51885 /* ImageFile.swift */ = {isa = PBXFileReference; fileEncoding = 4; lastKnownFileType = sourcecode.swift; path = ImageFile.swift; sourceTree = "<group>"; };
		A5EFEE521BD983B200F51885 /* colorPalette.plist */ = {isa = PBXFileReference; fileEncoding = 4; lastKnownFileType = text.plist.xml; path = colorPalette.plist; sourceTree = "<group>"; };
		A5EFEE541BD983CC00F51885 /* ColorPickerViewController.swift */ = {isa = PBXFileReference; fileEncoding = 4; lastKnownFileType = sourcecode.swift; path = ColorPickerViewController.swift; sourceTree = "<group>"; };
		A5EFEE561BD9D5E700F51885 /* YLColor.swift */ = {isa = PBXFileReference; fileEncoding = 4; lastKnownFileType = sourcecode.swift; path = YLColor.swift; sourceTree = "<group>"; };
		A5EFEE591BDB544300F51885 /* DieSets.xcdatamodel */ = {isa = PBXFileReference; lastKnownFileType = wrapper.xcdatamodel; path = DieSets.xcdatamodel; sourceTree = "<group>"; };
		A5EFEE5B1BDC20BC00F51885 /* DicePersistence.swift */ = {isa = PBXFileReference; fileEncoding = 4; lastKnownFileType = sourcecode.swift; path = DicePersistence.swift; sourceTree = "<group>"; };
		A5EFEEC21BDD54FF00F51885 /* diceroll.caf */ = {isa = PBXFileReference; lastKnownFileType = file; path = diceroll.caf; sourceTree = "<group>"; };
		A5EFEEC61BDD8DF900F51885 /* DieViewCell.swift */ = {isa = PBXFileReference; fileEncoding = 4; lastKnownFileType = sourcecode.swift; path = DieViewCell.swift; sourceTree = "<group>"; };
		A5EFEEC81BDEC75900F51885 /* RollableDie.swift */ = {isa = PBXFileReference; fileEncoding = 4; lastKnownFileType = sourcecode.swift; path = RollableDie.swift; sourceTree = "<group>"; };
		A5EFEECE1BDFF9B900F51885 /* DrawDice.swift */ = {isa = PBXFileReference; fileEncoding = 4; lastKnownFileType = sourcecode.swift; path = DrawDice.swift; sourceTree = "<group>"; };
		A5EFEED21BE178F100F51885 /* DieButton.swift */ = {isa = PBXFileReference; fileEncoding = 4; lastKnownFileType = sourcecode.swift; name = DieButton.swift; path = ../DieButton.swift; sourceTree = "<group>"; };
/* End PBXFileReference section */

/* Begin PBXFrameworksBuildPhase section */
		A50C64631BC32F28008FB51F /* Frameworks */ = {
			isa = PBXFrameworksBuildPhase;
			buildActionMask = 2147483647;
			files = (
			);
			runOnlyForDeploymentPostprocessing = 0;
		};
		A50C64781BC32F29008FB51F /* Frameworks */ = {
			isa = PBXFrameworksBuildPhase;
			buildActionMask = 2147483647;
			files = (
			);
			runOnlyForDeploymentPostprocessing = 0;
		};
		A57772991BC369F2003C1D05 /* Frameworks */ = {
			isa = PBXFrameworksBuildPhase;
			buildActionMask = 2147483647;
			files = (
			);
			runOnlyForDeploymentPostprocessing = 0;
		};
/* End PBXFrameworksBuildPhase section */

/* Begin PBXGroup section */
		A50C645D1BC32F28008FB51F = {
			isa = PBXGroup;
			children = (
				A50C64681BC32F28008FB51F /* TapAndRoll */,
				A50C647E1BC32F29008FB51F /* TapAndRollTests */,
				A577729D1BC369F2003C1D05 /* TapAndRoll WatchKit Extension */,
				A57772AD1BC369F2003C1D05 /* TapAndRoll WatchKit App */,
				A50C64671BC32F28008FB51F /* Products */,
			);
			sourceTree = "<group>";
		};
		A50C64671BC32F28008FB51F /* Products */ = {
			isa = PBXGroup;
			children = (
				A50C64661BC32F28008FB51F /* TapAndRoll.app */,
				A50C647B1BC32F29008FB51F /* TapAndRollTests.xctest */,
				A577729C1BC369F2003C1D05 /* TapAndRoll WatchKit Extension.appex */,
				A57772A91BC369F2003C1D05 /* TapAndRoll WatchKit App.app */,
			);
			name = Products;
			sourceTree = "<group>";
		};
		A50C64681BC32F28008FB51F /* TapAndRoll */ = {
			isa = PBXGroup;
			children = (
				A50C646F1BC32F28008FB51F /* Main.storyboard */,
				A50C64721BC32F28008FB51F /* Images.xcassets */,
				A5EFEE521BD983B200F51885 /* colorPalette.plist */,
				A5EFEE581BDB544300F51885 /* DieSets.xcdatamodeld */,
				A5BC43E91BE2AB6F008EBEA4 /* backgroundv7.png */,
				A50C64741BC32F28008FB51F /* LaunchScreen.xib */,
				A5BC43ED1BE2C328008EBEA4 /* manyDice.caf */,
				A5BC43EE1BE2C331008EBEA4 /* dicecup.caf */,
				A5BC43F11BE2DD4E008EBEA4 /* dicecup2.caf */,
				A5EFEEC21BDD54FF00F51885 /* diceroll.caf */,
				A5EFEE541BD983CC00F51885 /* ColorPickerViewController.swift */,
				A5EFEEC81BDEC75900F51885 /* RollableDie.swift */,
				A5EFEED21BE178F100F51885 /* DieButton.swift */,
				A5EFEECE1BDFF9B900F51885 /* DrawDice.swift */,
				A50C646B1BC32F28008FB51F /* AppDelegate.swift */,
				A50C646D1BC32F28008FB51F /* ViewController.swift */,
				A5BC43F31BE2FB15008EBEA4 /* Die.swift */,
				A5EFEE4E1BD9513C00F51885 /* OptionsViewController.swift */,
				A5EFEE501BD957A600F51885 /* ImageFile.swift */,
				A5EFEEC61BDD8DF900F51885 /* DieViewCell.swift */,
				A5EFEE5B1BDC20BC00F51885 /* DicePersistence.swift */,
				A5EFEE561BD9D5E700F51885 /* YLColor.swift */,
				A50C64691BC32F28008FB51F /* Supporting Files */,
			);
			path = TapAndRoll;
			sourceTree = "<group>";
		};
		A50C64691BC32F28008FB51F /* Supporting Files */ = {
			isa = PBXGroup;
			children = (
				A50C646A1BC32F28008FB51F /* Info.plist */,
			);
			name = "Supporting Files";
			sourceTree = "<group>";
		};
		A50C647E1BC32F29008FB51F /* TapAndRollTests */ = {
			isa = PBXGroup;
			children = (
				A50C64811BC32F29008FB51F /* TapAndRollTests.swift */,
				A50C647F1BC32F29008FB51F /* Supporting Files */,
			);
			path = TapAndRollTests;
			sourceTree = "<group>";
		};
		A50C647F1BC32F29008FB51F /* Supporting Files */ = {
			isa = PBXGroup;
			children = (
				A50C64801BC32F29008FB51F /* Info.plist */,
			);
			name = "Supporting Files";
			sourceTree = "<group>";
		};
		A577729D1BC369F2003C1D05 /* TapAndRoll WatchKit Extension */ = {
			isa = PBXGroup;
			children = (
				A57772A11BC369F2003C1D05 /* InterfaceController.swift */,
				A57772A31BC369F2003C1D05 /* NotificationController.swift */,
				A57772A51BC369F2003C1D05 /* Images.xcassets */,
				A577729E1BC369F2003C1D05 /* Supporting Files */,
			);
			path = "TapAndRoll WatchKit Extension";
			sourceTree = "<group>";
		};
		A577729E1BC369F2003C1D05 /* Supporting Files */ = {
			isa = PBXGroup;
			children = (
				A577729F1BC369F2003C1D05 /* Info.plist */,
				A57772A01BC369F2003C1D05 /* PushNotificationPayload.apns */,
			);
			name = "Supporting Files";
			sourceTree = "<group>";
		};
		A57772AD1BC369F2003C1D05 /* TapAndRoll WatchKit App */ = {
			isa = PBXGroup;
			children = (
				A57772B01BC369F2003C1D05 /* Interface.storyboard */,
				A57772B31BC369F2003C1D05 /* Images.xcassets */,
				A57772AE1BC369F2003C1D05 /* Supporting Files */,
			);
			path = "TapAndRoll WatchKit App";
			sourceTree = "<group>";
		};
		A57772AE1BC369F2003C1D05 /* Supporting Files */ = {
			isa = PBXGroup;
			children = (
				A57772AF1BC369F2003C1D05 /* Info.plist */,
			);
			name = "Supporting Files";
			sourceTree = "<group>";
		};
/* End PBXGroup section */

/* Begin PBXNativeTarget section */
		A50C64651BC32F28008FB51F /* TapAndRoll */ = {
			isa = PBXNativeTarget;
			buildConfigurationList = A50C64851BC32F29008FB51F /* Build configuration list for PBXNativeTarget "TapAndRoll" */;
			buildPhases = (
				A50C64621BC32F28008FB51F /* Sources */,
				A50C64631BC32F28008FB51F /* Frameworks */,
				A50C64641BC32F28008FB51F /* Resources */,
				A57772BE1BC369F2003C1D05 /* Embed App Extensions */,
			);
			buildRules = (
			);
			dependencies = (
				A57772B61BC369F2003C1D05 /* PBXTargetDependency */,
			);
			name = TapAndRoll;
			productName = TapAndRoll;
			productReference = A50C64661BC32F28008FB51F /* TapAndRoll.app */;
			productType = "com.apple.product-type.application";
		};
		A50C647A1BC32F29008FB51F /* TapAndRollTests */ = {
			isa = PBXNativeTarget;
			buildConfigurationList = A50C64881BC32F29008FB51F /* Build configuration list for PBXNativeTarget "TapAndRollTests" */;
			buildPhases = (
				A50C64771BC32F29008FB51F /* Sources */,
				A50C64781BC32F29008FB51F /* Frameworks */,
				A50C64791BC32F29008FB51F /* Resources */,
			);
			buildRules = (
			);
			dependencies = (
				A50C647D1BC32F29008FB51F /* PBXTargetDependency */,
			);
			name = TapAndRollTests;
			productName = TapAndRollTests;
			productReference = A50C647B1BC32F29008FB51F /* TapAndRollTests.xctest */;
			productType = "com.apple.product-type.bundle.unit-test";
		};
		A577729B1BC369F2003C1D05 /* TapAndRoll WatchKit Extension */ = {
			isa = PBXNativeTarget;
			buildConfigurationList = A57772BD1BC369F2003C1D05 /* Build configuration list for PBXNativeTarget "TapAndRoll WatchKit Extension" */;
			buildPhases = (
				A57772981BC369F2003C1D05 /* Sources */,
				A57772991BC369F2003C1D05 /* Frameworks */,
				A577729A1BC369F2003C1D05 /* Resources */,
			);
			buildRules = (
			);
			dependencies = (
				A57772AC1BC369F2003C1D05 /* PBXTargetDependency */,
			);
			name = "TapAndRoll WatchKit Extension";
			productName = "TapAndRoll WatchKit Extension";
			productReference = A577729C1BC369F2003C1D05 /* TapAndRoll WatchKit Extension.appex */;
			productType = "com.apple.product-type.watchkit-extension";
		};
		A57772A81BC369F2003C1D05 /* TapAndRoll WatchKit App */ = {
			isa = PBXNativeTarget;
			buildConfigurationList = A57772BC1BC369F2003C1D05 /* Build configuration list for PBXNativeTarget "TapAndRoll WatchKit App" */;
			buildPhases = (
				A57772A71BC369F2003C1D05 /* Resources */,
			);
			buildRules = (
			);
			dependencies = (
			);
			name = "TapAndRoll WatchKit App";
			productName = "TapAndRoll WatchKit App";
			productReference = A57772A91BC369F2003C1D05 /* TapAndRoll WatchKit App.app */;
			productType = "com.apple.product-type.application.watchapp";
		};
/* End PBXNativeTarget section */

/* Begin PBXProject section */
		A50C645E1BC32F28008FB51F /* Project object */ = {
			isa = PBXProject;
			attributes = {
				LastUpgradeCheck = 0640;
				ORGANIZATIONNAME = qpiapps;
				TargetAttributes = {
					A50C64651BC32F28008FB51F = {
						CreatedOnToolsVersion = 6.4;
					};
					A50C647A1BC32F29008FB51F = {
						CreatedOnToolsVersion = 6.4;
						TestTargetID = A50C64651BC32F28008FB51F;
					};
					A577729B1BC369F2003C1D05 = {
						CreatedOnToolsVersion = 6.4;
					};
					A57772A81BC369F2003C1D05 = {
						CreatedOnToolsVersion = 6.4;
					};
				};
			};
			buildConfigurationList = A50C64611BC32F28008FB51F /* Build configuration list for PBXProject "TapAndRoll" */;
			compatibilityVersion = "Xcode 3.2";
			developmentRegion = English;
			hasScannedForEncodings = 0;
			knownRegions = (
				en,
				Base,
			);
			mainGroup = A50C645D1BC32F28008FB51F;
			productRefGroup = A50C64671BC32F28008FB51F /* Products */;
			projectDirPath = "";
			projectRoot = "";
			targets = (
				A50C64651BC32F28008FB51F /* TapAndRoll */,
				A50C647A1BC32F29008FB51F /* TapAndRollTests */,
				A577729B1BC369F2003C1D05 /* TapAndRoll WatchKit Extension */,
				A57772A81BC369F2003C1D05 /* TapAndRoll WatchKit App */,
			);
		};
/* End PBXProject section */

/* Begin PBXResourcesBuildPhase section */
		A50C64641BC32F28008FB51F /* Resources */ = {
			isa = PBXResourcesBuildPhase;
			buildActionMask = 2147483647;
			files = (
				A5EFEEC31BDD62A300F51885 /* diceroll.caf in Resources */,
				A5EFEE531BD983B200F51885 /* colorPalette.plist in Resources */,
				A50C64711BC32F28008FB51F /* Main.storyboard in Resources */,
				A5BC43F21BE2DD4E008EBEA4 /* dicecup2.caf in Resources */,
				A5BC43EF1BE2C599008EBEA4 /* dicecup.caf in Resources */,
				A50C64761BC32F28008FB51F /* LaunchScreen.xib in Resources */,
				A5BC43EA1BE2AB6F008EBEA4 /* backgroundv7.png in Resources */,
				A5BC43F01BE2C59C008EBEA4 /* manyDice.caf in Resources */,
				A50C64731BC32F28008FB51F /* Images.xcassets in Resources */,
			);
			runOnlyForDeploymentPostprocessing = 0;
		};
		A50C64791BC32F29008FB51F /* Resources */ = {
			isa = PBXResourcesBuildPhase;
			buildActionMask = 2147483647;
			files = (
			);
			runOnlyForDeploymentPostprocessing = 0;
		};
		A577729A1BC369F2003C1D05 /* Resources */ = {
			isa = PBXResourcesBuildPhase;
			buildActionMask = 2147483647;
			files = (
				A57772A61BC369F2003C1D05 /* Images.xcassets in Resources */,
				A57772AA1BC369F2003C1D05 /* TapAndRoll WatchKit App.app in Resources */,
			);
			runOnlyForDeploymentPostprocessing = 0;
		};
		A57772A71BC369F2003C1D05 /* Resources */ = {
			isa = PBXResourcesBuildPhase;
			buildActionMask = 2147483647;
			files = (
				A57772B21BC369F2003C1D05 /* Interface.storyboard in Resources */,
				A57772B41BC369F2003C1D05 /* Images.xcassets in Resources */,
			);
			runOnlyForDeploymentPostprocessing = 0;
		};
/* End PBXResourcesBuildPhase section */

/* Begin PBXSourcesBuildPhase section */
		A50C64621BC32F28008FB51F /* Sources */ = {
			isa = PBXSourcesBuildPhase;
			buildActionMask = 2147483647;
			files = (
				A50C646E1BC32F28008FB51F /* ViewController.swift in Sources */,
				A5EFEE4F1BD9513C00F51885 /* OptionsViewController.swift in Sources */,
				A5BC43F41BE2FB15008EBEA4 /* Die.swift in Sources */,
				A5EFEE551BD983CC00F51885 /* ColorPickerViewController.swift in Sources */,
				A50C646C1BC32F28008FB51F /* AppDelegate.swift in Sources */,
				A5EFEE571BD9D5E700F51885 /* YLColor.swift in Sources */,
				A5EFEE5A1BDB544300F51885 /* DieSets.xcdatamodeld in Sources */,
				A5EFEED31BE178F100F51885 /* DieButton.swift in Sources */,
				A5EFEEC71BDD8DF900F51885 /* DieViewCell.swift in Sources */,
				A5EFEE5C1BDC20BC00F51885 /* DicePersistence.swift in Sources */,
				A5EFEEC91BDEC75900F51885 /* RollableDie.swift in Sources */,
				A5EFEE511BD957A600F51885 /* ImageFile.swift in Sources */,
				A5EFEECF1BDFF9B900F51885 /* DrawDice.swift in Sources */,
			);
			runOnlyForDeploymentPostprocessing = 0;
		};
		A50C64771BC32F29008FB51F /* Sources */ = {
			isa = PBXSourcesBuildPhase;
			buildActionMask = 2147483647;
			files = (
				A50C64821BC32F29008FB51F /* TapAndRollTests.swift in Sources */,
			);
			runOnlyForDeploymentPostprocessing = 0;
		};
		A57772981BC369F2003C1D05 /* Sources */ = {
			isa = PBXSourcesBuildPhase;
			buildActionMask = 2147483647;
			files = (
				A57772A41BC369F2003C1D05 /* NotificationController.swift in Sources */,
				A57772A21BC369F2003C1D05 /* InterfaceController.swift in Sources */,
				A5BC43F51BE36B98008EBEA4 /* DrawDice.swift in Sources */,
			);
			runOnlyForDeploymentPostprocessing = 0;
		};
/* End PBXSourcesBuildPhase section */

/* Begin PBXTargetDependency section */
		A50C647D1BC32F29008FB51F /* PBXTargetDependency */ = {
			isa = PBXTargetDependency;
			target = A50C64651BC32F28008FB51F /* TapAndRoll */;
			targetProxy = A50C647C1BC32F29008FB51F /* PBXContainerItemProxy */;
		};
		A57772AC1BC369F2003C1D05 /* PBXTargetDependency */ = {
			isa = PBXTargetDependency;
			target = A57772A81BC369F2003C1D05 /* TapAndRoll WatchKit App */;
			targetProxy = A57772AB1BC369F2003C1D05 /* PBXContainerItemProxy */;
		};
		A57772B61BC369F2003C1D05 /* PBXTargetDependency */ = {
			isa = PBXTargetDependency;
			target = A577729B1BC369F2003C1D05 /* TapAndRoll WatchKit Extension */;
			targetProxy = A57772B51BC369F2003C1D05 /* PBXContainerItemProxy */;
		};
/* End PBXTargetDependency section */

/* Begin PBXVariantGroup section */
		A50C646F1BC32F28008FB51F /* Main.storyboard */ = {
			isa = PBXVariantGroup;
			children = (
				A50C64701BC32F28008FB51F /* Base */,
			);
			name = Main.storyboard;
			sourceTree = "<group>";
		};
		A50C64741BC32F28008FB51F /* LaunchScreen.xib */ = {
			isa = PBXVariantGroup;
			children = (
				A50C64751BC32F28008FB51F /* Base */,
			);
			name = LaunchScreen.xib;
			sourceTree = "<group>";
		};
		A57772B01BC369F2003C1D05 /* Interface.storyboard */ = {
			isa = PBXVariantGroup;
			children = (
				A57772B11BC369F2003C1D05 /* Base */,
			);
			name = Interface.storyboard;
			sourceTree = "<group>";
		};
/* End PBXVariantGroup section */

/* Begin XCBuildConfiguration section */
		A50C64831BC32F29008FB51F /* Debug */ = {
			isa = XCBuildConfiguration;
			buildSettings = {
				ALWAYS_SEARCH_USER_PATHS = NO;
				CLANG_CXX_LANGUAGE_STANDARD = "gnu++0x";
				CLANG_CXX_LIBRARY = "libc++";
				CLANG_ENABLE_MODULES = YES;
				CLANG_ENABLE_OBJC_ARC = YES;
				CLANG_WARN_BOOL_CONVERSION = YES;
				CLANG_WARN_CONSTANT_CONVERSION = YES;
				CLANG_WARN_DIRECT_OBJC_ISA_USAGE = YES_ERROR;
				CLANG_WARN_EMPTY_BODY = YES;
				CLANG_WARN_ENUM_CONVERSION = YES;
				CLANG_WARN_INT_CONVERSION = YES;
				CLANG_WARN_OBJC_ROOT_CLASS = YES_ERROR;
				CLANG_WARN_UNREACHABLE_CODE = YES;
				CLANG_WARN__DUPLICATE_METHOD_MATCH = YES;
				"CODE_SIGN_IDENTITY[sdk=iphoneos*]" = "iPhone Developer";
				COPY_PHASE_STRIP = NO;
				DEBUG_INFORMATION_FORMAT = "dwarf-with-dsym";
				ENABLE_STRICT_OBJC_MSGSEND = YES;
				GCC_C_LANGUAGE_STANDARD = gnu99;
				GCC_DYNAMIC_NO_PIC = NO;
				GCC_NO_COMMON_BLOCKS = YES;
				GCC_OPTIMIZATION_LEVEL = 0;
				GCC_PREPROCESSOR_DEFINITIONS = (
					"DEBUG=1",
					"$(inherited)",
				);
				GCC_SYMBOLS_PRIVATE_EXTERN = NO;
				GCC_WARN_64_TO_32_BIT_CONVERSION = YES;
				GCC_WARN_ABOUT_RETURN_TYPE = YES_ERROR;
				GCC_WARN_UNDECLARED_SELECTOR = YES;
				GCC_WARN_UNINITIALIZED_AUTOS = YES_AGGRESSIVE;
				GCC_WARN_UNUSED_FUNCTION = YES;
				GCC_WARN_UNUSED_VARIABLE = YES;
				IPHONEOS_DEPLOYMENT_TARGET = 8.4;
				MTL_ENABLE_DEBUG_INFO = YES;
				ONLY_ACTIVE_ARCH = YES;
				SDKROOT = iphoneos;
				SWIFT_OPTIMIZATION_LEVEL = "-Onone";
			};
			name = Debug;
		};
		A50C64841BC32F29008FB51F /* Release */ = {
			isa = XCBuildConfiguration;
			buildSettings = {
				ALWAYS_SEARCH_USER_PATHS = NO;
				CLANG_CXX_LANGUAGE_STANDARD = "gnu++0x";
				CLANG_CXX_LIBRARY = "libc++";
				CLANG_ENABLE_MODULES = YES;
				CLANG_ENABLE_OBJC_ARC = YES;
				CLANG_WARN_BOOL_CONVERSION = YES;
				CLANG_WARN_CONSTANT_CONVERSION = YES;
				CLANG_WARN_DIRECT_OBJC_ISA_USAGE = YES_ERROR;
				CLANG_WARN_EMPTY_BODY = YES;
				CLANG_WARN_ENUM_CONVERSION = YES;
				CLANG_WARN_INT_CONVERSION = YES;
				CLANG_WARN_OBJC_ROOT_CLASS = YES_ERROR;
				CLANG_WARN_UNREACHABLE_CODE = YES;
				CLANG_WARN__DUPLICATE_METHOD_MATCH = YES;
				"CODE_SIGN_IDENTITY[sdk=iphoneos*]" = "iPhone Developer";
				COPY_PHASE_STRIP = NO;
				DEBUG_INFORMATION_FORMAT = "dwarf-with-dsym";
				ENABLE_NS_ASSERTIONS = NO;
				ENABLE_STRICT_OBJC_MSGSEND = YES;
				GCC_C_LANGUAGE_STANDARD = gnu99;
				GCC_NO_COMMON_BLOCKS = YES;
				GCC_WARN_64_TO_32_BIT_CONVERSION = YES;
				GCC_WARN_ABOUT_RETURN_TYPE = YES_ERROR;
				GCC_WARN_UNDECLARED_SELECTOR = YES;
				GCC_WARN_UNINITIALIZED_AUTOS = YES_AGGRESSIVE;
				GCC_WARN_UNUSED_FUNCTION = YES;
				GCC_WARN_UNUSED_VARIABLE = YES;
				IPHONEOS_DEPLOYMENT_TARGET = 8.4;
				MTL_ENABLE_DEBUG_INFO = NO;
				SDKROOT = iphoneos;
				VALIDATE_PRODUCT = YES;
			};
			name = Release;
		};
		A50C64861BC32F29008FB51F /* Debug */ = {
			isa = XCBuildConfiguration;
			buildSettings = {
				ASSETCATALOG_COMPILER_APPICON_NAME = AppIcon;
				INFOPLIST_FILE = TapAndRoll/Info.plist;
				IPHONEOS_DEPLOYMENT_TARGET = 8.0;
				LD_RUNPATH_SEARCH_PATHS = "$(inherited) @executable_path/Frameworks";
				PRODUCT_NAME = "$(TARGET_NAME)";
			};
			name = Debug;
		};
		A50C64871BC32F29008FB51F /* Release */ = {
			isa = XCBuildConfiguration;
			buildSettings = {
				ASSETCATALOG_COMPILER_APPICON_NAME = AppIcon;
				INFOPLIST_FILE = TapAndRoll/Info.plist;
				IPHONEOS_DEPLOYMENT_TARGET = 8.0;
				LD_RUNPATH_SEARCH_PATHS = "$(inherited) @executable_path/Frameworks";
				PRODUCT_NAME = "$(TARGET_NAME)";
			};
			name = Release;
		};
		A50C64891BC32F29008FB51F /* Debug */ = {
			isa = XCBuildConfiguration;
			buildSettings = {
				BUNDLE_LOADER = "$(TEST_HOST)";
				FRAMEWORK_SEARCH_PATHS = (
					"$(SDKROOT)/Developer/Library/Frameworks",
					"$(inherited)",
				);
				GCC_PREPROCESSOR_DEFINITIONS = (
					"DEBUG=1",
					"$(inherited)",
				);
				INFOPLIST_FILE = TapAndRollTests/Info.plist;
				LD_RUNPATH_SEARCH_PATHS = "$(inherited) @executable_path/Frameworks @loader_path/Frameworks";
				PRODUCT_NAME = "$(TARGET_NAME)";
				TEST_HOST = "$(BUILT_PRODUCTS_DIR)/TapAndRoll.app/TapAndRoll";
			};
			name = Debug;
		};
		A50C648A1BC32F29008FB51F /* Release */ = {
			isa = XCBuildConfiguration;
			buildSettings = {
				BUNDLE_LOADER = "$(TEST_HOST)";
				FRAMEWORK_SEARCH_PATHS = (
					"$(SDKROOT)/Developer/Library/Frameworks",
					"$(inherited)",
				);
				INFOPLIST_FILE = TapAndRollTests/Info.plist;
				LD_RUNPATH_SEARCH_PATHS = "$(inherited) @executable_path/Frameworks @loader_path/Frameworks";
				PRODUCT_NAME = "$(TARGET_NAME)";
				TEST_HOST = "$(BUILT_PRODUCTS_DIR)/TapAndRoll.app/TapAndRoll";
			};
			name = Release;
		};
		A57772B81BC369F2003C1D05 /* Debug */ = {
			isa = XCBuildConfiguration;
			buildSettings = {
				GCC_PREPROCESSOR_DEFINITIONS = (
					"DEBUG=1",
					"$(inherited)",
				);
				INFOPLIST_FILE = "TapAndRoll WatchKit Extension/Info.plist";
				LD_RUNPATH_SEARCH_PATHS = "$(inherited) @executable_path/Frameworks @executable_path/../../Frameworks";
				PRODUCT_NAME = "${TARGET_NAME}";
				SKIP_INSTALL = YES;
			};
			name = Debug;
		};
		A57772B91BC369F2003C1D05 /* Release */ = {
			isa = XCBuildConfiguration;
			buildSettings = {
				INFOPLIST_FILE = "TapAndRoll WatchKit Extension/Info.plist";
				LD_RUNPATH_SEARCH_PATHS = "$(inherited) @executable_path/Frameworks @executable_path/../../Frameworks";
				PRODUCT_NAME = "${TARGET_NAME}";
				SKIP_INSTALL = YES;
			};
			name = Release;
		};
		A57772BA1BC369F2003C1D05 /* Debug */ = {
			isa = XCBuildConfiguration;
			buildSettings = {
				ASSETCATALOG_COMPILER_APPICON_NAME = AppIcon;
				GCC_PREPROCESSOR_DEFINITIONS = (
					"DEBUG=1",
					"$(inherited)",
				);
				IBSC_MODULE = TapAndRoll_WatchKit_Extension;
				INFOPLIST_FILE = "TapAndRoll WatchKit App/Info.plist";
				IPHONEOS_DEPLOYMENT_TARGET = 8.2;
				PRODUCT_NAME = "$(TARGET_NAME)";
				SKIP_INSTALL = YES;
				TARGETED_DEVICE_FAMILY = 4;
				"TARGETED_DEVICE_FAMILY[sdk=iphonesimulator*]" = "1,4";
			};
			name = Debug;
		};
		A57772BB1BC369F2003C1D05 /* Release */ = {
			isa = XCBuildConfiguration;
			buildSettings = {
				ASSETCATALOG_COMPILER_APPICON_NAME = AppIcon;
				IBSC_MODULE = TapAndRoll_WatchKit_Extension;
				INFOPLIST_FILE = "TapAndRoll WatchKit App/Info.plist";
				IPHONEOS_DEPLOYMENT_TARGET = 8.2;
				PRODUCT_NAME = "$(TARGET_NAME)";
				SKIP_INSTALL = YES;
				TARGETED_DEVICE_FAMILY = 4;
				"TARGETED_DEVICE_FAMILY[sdk=iphonesimulator*]" = "1,4";
			};
			name = Release;
		};
/* End XCBuildConfiguration section */

/* Begin XCConfigurationList section */
		A50C64611BC32F28008FB51F /* Build configuration list for PBXProject "TapAndRoll" */ = {
			isa = XCConfigurationList;
			buildConfigurations = (
				A50C64831BC32F29008FB51F /* Debug */,
				A50C64841BC32F29008FB51F /* Release */,
			);
			defaultConfigurationIsVisible = 0;
			defaultConfigurationName = Release;
		};
		A50C64851BC32F29008FB51F /* Build configuration list for PBXNativeTarget "TapAndRoll" */ = {
			isa = XCConfigurationList;
			buildConfigurations = (
				A50C64861BC32F29008FB51F /* Debug */,
				A50C64871BC32F29008FB51F /* Release */,
			);
			defaultConfigurationIsVisible = 0;
			defaultConfigurationName = Release;
		};
		A50C64881BC32F29008FB51F /* Build configuration list for PBXNativeTarget "TapAndRollTests" */ = {
			isa = XCConfigurationList;
			buildConfigurations = (
				A50C64891BC32F29008FB51F /* Debug */,
				A50C648A1BC32F29008FB51F /* Release */,
			);
			defaultConfigurationIsVisible = 0;
			defaultConfigurationName = Release;
		};
		A57772BC1BC369F2003C1D05 /* Build configuration list for PBXNativeTarget "TapAndRoll WatchKit App" */ = {
			isa = XCConfigurationList;
			buildConfigurations = (
				A57772BA1BC369F2003C1D05 /* Debug */,
				A57772BB1BC369F2003C1D05 /* Release */,
			);
			defaultConfigurationIsVisible = 0;
			defaultConfigurationName = Release;
		};
		A57772BD1BC369F2003C1D05 /* Build configuration list for PBXNativeTarget "TapAndRoll WatchKit Extension" */ = {
			isa = XCConfigurationList;
			buildConfigurations = (
				A57772B81BC369F2003C1D05 /* Debug */,
				A57772B91BC369F2003C1D05 /* Release */,
			);
			defaultConfigurationIsVisible = 0;
			defaultConfigurationName = Release;
		};
/* End XCConfigurationList section */

/* Begin XCVersionGroup section */
		A5EFEE581BDB544300F51885 /* DieSets.xcdatamodeld */ = {
			isa = XCVersionGroup;
			children = (
				A5EFEE591BDB544300F51885 /* DieSets.xcdatamodel */,
			);
			currentVersion = A5EFEE591BDB544300F51885 /* DieSets.xcdatamodel */;
			path = DieSets.xcdatamodeld;
			sourceTree = "<group>";
			versionGroupType = wrapper.xcdatamodel;
		};
/* End XCVersionGroup section */
	};
	rootObject = A50C645E1BC32F28008FB51F /* Project object */;
}
