<?xml version="1.0" encoding="UTF-8"?>
<Scheme
   LastUpgradeVersion = "0640"
   version = "2.0">
   <BuildAction
      parallelizeBuildables = "YES"
      buildImplicitDependencies = "YES">
      <BuildActionEntries>
         <BuildActionEntry
            buildForTesting = "YES"
            buildForRunning = "YES"
            buildForProfiling = "YES"
            buildForArchiving = "YES"
            buildForAnalyzing = "YES">
            <BuildableReference
               BuildableIdentifier = "primary"
               BlueprintIdentifier = "A57772A81BC369F2003C1D05"
               BuildableName = "TapAndRoll WatchKit App.app"
               BlueprintName = "TapAndRoll WatchKit App"
               ReferencedContainer = "container:TapAndRoll.xcodeproj">
            </BuildableReference>
         </BuildActionEntry>
         <BuildActionEntry
            buildForTesting = "YES"
            buildForRunning = "YES"
            buildForProfiling = "YES"
            buildForArchiving = "YES"
            buildForAnalyzing = "YES">
            <BuildableReference
               BuildableIdentifier = "primary"
               BlueprintIdentifier = "A577729B1BC369F2003C1D05"
               BuildableName = "TapAndRoll WatchKit Extension.appex"
               BlueprintName = "TapAndRoll WatchKit Extension"
               ReferencedContainer = "container:TapAndRoll.xcodeproj">
            </BuildableReference>
         </BuildActionEntry>
         <BuildActionEntry
            buildForTesting = "YES"
            buildForRunning = "YES"
            buildForProfiling = "YES"
            buildForArchiving = "YES"
            buildForAnalyzing = "YES">
            <BuildableReference
               BuildableIdentifier = "primary"
               BlueprintIdentifier = "A50C64651BC32F28008FB51F"
               BuildableName = "TapAndRoll.app"
               BlueprintName = "TapAndRoll"
               ReferencedContainer = "container:TapAndRoll.xcodeproj">
            </BuildableReference>
         </BuildActionEntry>
      </BuildActionEntries>
   </BuildAction>
   <TestAction
      selectedDebuggerIdentifier = "Xcode.DebuggerFoundation.Debugger.LLDB"
      selectedLauncherIdentifier = "Xcode.DebuggerFoundation.Launcher.LLDB"
      shouldUseLaunchSchemeArgsEnv = "YES"
      buildConfiguration = "Debug">
      <Testables>
      </Testables>
      <MacroExpansion>
         <BuildableReference
            BuildableIdentifier = "primary"
            BlueprintIdentifier = "A57772A81BC369F2003C1D05"
            BuildableName = "TapAndRoll WatchKit App.app"
            BlueprintName = "TapAndRoll WatchKit App"
            ReferencedContainer = "container:TapAndRoll.xcodeproj">
         </BuildableReference>
      </MacroExpansion>
   </TestAction>
   <LaunchAction
      selectedDebuggerIdentifier = "Xcode.DebuggerFoundation.Debugger.LLDB"
      selectedLauncherIdentifier = "Xcode.DebuggerFoundation.Launcher.LLDB"
      launchStyle = "0"
      useCustomWorkingDirectory = "NO"
      buildConfiguration = "Debug"
      ignoresPersistentStateOnLaunch = "NO"
      debugDocumentVersioning = "YES"
      allowLocationSimulation = "YES"
      launchAutomaticallySubstyle = "8"
      notificationPayloadFile = "TapAndRoll WatchKit Extension/PushNotificationPayload.apns">
      <RemoteRunnable
         runnableDebuggingMode = "2"
         BundleIdentifier = "com.apple.springboard"
         RemotePath = "/TapAndRoll">
         <BuildableReference
            BuildableIdentifier = "primary"
            BlueprintIdentifier = "A57772A81BC369F2003C1D05"
            BuildableName = "TapAndRoll WatchKit App.app"
            BlueprintName = "TapAndRoll WatchKit App"
            ReferencedContainer = "container:TapAndRoll.xcodeproj">
         </BuildableReference>
      </RemoteRunnable>
      <MacroExpansion>
         <BuildableReference
            BuildableIdentifier = "primary"
            BlueprintIdentifier = "A57772A81BC369F2003C1D05"
            BuildableName = "TapAndRoll WatchKit App.app"
            BlueprintName = "TapAndRoll WatchKit App"
            ReferencedContainer = "container:TapAndRoll.xcodeproj">
         </BuildableReference>
      </MacroExpansion>
      <AdditionalOptions>
      </AdditionalOptions>
   </LaunchAction>
   <ProfileAction
      shouldUseLaunchSchemeArgsEnv = "YES"
      savedToolIdentifier = ""
      useCustomWorkingDirectory = "NO"
      buildConfiguration = "Release"
      debugDocumentVersioning = "YES"
      launchAutomaticallySubstyle = "8"
      notificationPayloadFile = "TapAndRoll WatchKit Extension/PushNotificationPayload.apns">
      <RemoteRunnable
         runnableDebuggingMode = "2"
         BundleIdentifier = "com.apple.springboard"
         RemotePath = "/TapAndRoll">
         <BuildableReference
            BuildableIdentifier = "primary"
            BlueprintIdentifier = "A57772A81BC369F2003C1D05"
            BuildableName = "TapAndRoll WatchKit App.app"
            BlueprintName = "TapAndRoll WatchKit App"
            ReferencedContainer = "container:TapAndRoll.xcodeproj">
         </BuildableReference>
      </RemoteRunnable>
      <MacroExpansion>
         <BuildableReference
            BuildableIdentifier = "primary"
            BlueprintIdentifier = "A57772A81BC369F2003C1D05"
            BuildableName = "TapAndRoll WatchKit App.app"
            BlueprintName = "TapAndRoll WatchKit App"
            ReferencedContainer = "container:TapAndRoll.xcodeproj">
         </BuildableReference>
      </MacroExpansion>
   </ProfileAction>
   <AnalyzeAction
      buildConfiguration = "Debug">
   </AnalyzeAction>
   <ArchiveAction
      buildConfiguration = "Release"
      revealArchiveInOrganizer = "YES">
   </ArchiveAction>
</Scheme>
